// !$*UTF8*$!
{
	archiveVersion = 1;
	classes = {
	};
	objectVersion = 50;
	objects = {

/* Begin PBXBuildFile section */
		1520CF9C2302DC7000C60F3A /* main.swift in Sources */ = {isa = PBXBuildFile; fileRef = 1520CF9B2302DC7000C60F3A /* main.swift */; };
		1520CFA62302DCA000C60F3A /* Queue.swift in Sources */ = {isa = PBXBuildFile; fileRef = 1520CFA22302DCA000C60F3A /* Queue.swift */; };
		1520CFA72302DCA000C60F3A /* Search.swift in Sources */ = {isa = PBXBuildFile; fileRef = 1520CFA32302DCA000C60F3A /* Search.swift */; };
		1520CFA92302DCA000C60F3A /* Stack.swift in Sources */ = {isa = PBXBuildFile; fileRef = 1520CFA52302DCA000C60F3A /* Stack.swift */; };
		1536A3442558103C00E86996 /* bubble.swift in Sources */ = {isa = PBXBuildFile; fileRef = 1536A3432558103C00E86996 /* bubble.swift */; };
		1536A3482558131800E86996 /* selection.swift in Sources */ = {isa = PBXBuildFile; fileRef = 1536A3472558131800E86996 /* selection.swift */; };
		1536A34B2558177900E86996 /* insertion.swift in Sources */ = {isa = PBXBuildFile; fileRef = 1536A34A2558177900E86996 /* insertion.swift */; };
		1536A34E255836A000E86996 /* shell.swift in Sources */ = {isa = PBXBuildFile; fileRef = 1536A34D255836A000E86996 /* shell.swift */; };
		1536A3512558372F00E86996 /* quick.swift in Sources */ = {isa = PBXBuildFile; fileRef = 1536A3502558372F00E86996 /* quick.swift */; };
		157F4311256FE80000C1D5A0 /* Counting.swift in Sources */ = {isa = PBXBuildFile; fileRef = 157F4310256FE80000C1D5A0 /* Counting.swift */; };
		1596D820257357DC007782FA /* Radix.swift in Sources */ = {isa = PBXBuildFile; fileRef = 1596D81F257357DC007782FA /* Radix.swift */; };
		1596D823257379F0007782FA /* Bucket.swift in Sources */ = {isa = PBXBuildFile; fileRef = 1596D822257379F0007782FA /* Bucket.swift */; };
		159ADBBE24AC92BE0016ED30 /* LRUCache.swift in Sources */ = {isa = PBXBuildFile; fileRef = 159ADBBD24AC92BE0016ED30 /* LRUCache.swift */; };
		15A9B4D724A08FDB00B6EA6F /* SleepSort.swift in Sources */ = {isa = PBXBuildFile; fileRef = 15A9B4D624A08FDB00B6EA6F /* SleepSort.swift */; };
		15DDAF9624B6B2AC00285173 /* BinarySearchTree1.swift in Sources */ = {isa = PBXBuildFile; fileRef = 15DDAF9524B6B2AC00285173 /* BinarySearchTree1.swift */; };
		15DDAF9824B72C7500285173 /* SafeEqual.swift in Sources */ = {isa = PBXBuildFile; fileRef = 15DDAF9724B72C7500285173 /* SafeEqual.swift */; };
		6C36695725E0E7E900E674FB /* TrieNode.swift in Sources */ = {isa = PBXBuildFile; fileRef = 6C36695625E0E7E900E674FB /* TrieNode.swift */; };
		6C36695A25E0E87A00E674FB /* Trie.swift in Sources */ = {isa = PBXBuildFile; fileRef = 6C36695925E0E87A00E674FB /* Trie.swift */; };
		6C386B51252090FF00742666 /* Deque.swift in Sources */ = {isa = PBXBuildFile; fileRef = 6C386B50252090FF00742666 /* Deque.swift */; };
		6C3D73E025E39D0500807DF1 /* PriorityQueue.swift in Sources */ = {isa = PBXBuildFile; fileRef = 6C3D73DF25E39D0500807DF1 /* PriorityQueue.swift */; };
		6C636E5625CAB34B00F32408 /* LinkedList.swift in Sources */ = {isa = PBXBuildFile; fileRef = 6C636E5525CAB34B00F32408 /* LinkedList.swift */; };
		6CB5D8D6255CB820009C8260 /* merge.swift in Sources */ = {isa = PBXBuildFile; fileRef = 6CB5D8D5255CB820009C8260 /* merge.swift */; };
		6CB7F78225DF979C005E9027 /* BinarySearchTree2.swift in Sources */ = {isa = PBXBuildFile; fileRef = 6CB7F78125DF979C005E9027 /* BinarySearchTree2.swift */; };
		6CB7F78825DFAB73005E9027 /* AVLNode.swift in Sources */ = {isa = PBXBuildFile; fileRef = 6CB7F78725DFAB73005E9027 /* AVLNode.swift */; };
		6CB7F78B25DFD0CB005E9027 /* AVLTree.swift in Sources */ = {isa = PBXBuildFile; fileRef = 6CB7F78A25DFD0CB005E9027 /* AVLTree.swift */; };
		6CD0C80F2552A6D70024D1FF /* Tool.swift in Sources */ = {isa = PBXBuildFile; fileRef = 6CD0C80B2552A6D70024D1FF /* Tool.swift */; };
		6CD0C8102552A6D70024D1FF /* heapSort.swift in Sources */ = {isa = PBXBuildFile; fileRef = 6CD0C80D2552A6D70024D1FF /* heapSort.swift */; };
		6CD0C8112552A6D70024D1FF /* heap.swift in Sources */ = {isa = PBXBuildFile; fileRef = 6CD0C80E2552A6D70024D1FF /* heap.swift */; };
		6CE0D48925DF6A96001281FF /* TreeNode.swift in Sources */ = {isa = PBXBuildFile; fileRef = 6CE0D48825DF6A96001281FF /* TreeNode.swift */; };
		6CE0D48E25DF6AF5001281FF /* QueueProtocol.swift in Sources */ = {isa = PBXBuildFile; fileRef = 6CE0D48D25DF6AF5001281FF /* QueueProtocol.swift */; };
		6CE0D49225DF6B1A001281FF /* RingBuffer.swift in Sources */ = {isa = PBXBuildFile; fileRef = 6CE0D49125DF6B1A001281FF /* RingBuffer.swift */; };
		6CE0D49725DF6B5D001281FF /* QueueArray.swift in Sources */ = {isa = PBXBuildFile; fileRef = 6CE0D49625DF6B5D001281FF /* QueueArray.swift */; };
		6CE0D49A25DF6B72001281FF /* QueueStack.swift in Sources */ = {isa = PBXBuildFile; fileRef = 6CE0D49925DF6B72001281FF /* QueueStack.swift */; };
		6CE0D49D25DF6B89001281FF /* QueueRingBuffer.swift in Sources */ = {isa = PBXBuildFile; fileRef = 6CE0D49C25DF6B89001281FF /* QueueRingBuffer.swift */; };
		6CE0D4A325DF70C0001281FF /* BinaryNode.swift in Sources */ = {isa = PBXBuildFile; fileRef = 6CE0D4A225DF70C0001281FF /* BinaryNode.swift */; };
/* End PBXBuildFile section */

/* Begin PBXCopyFilesBuildPhase section */
		1520CF962302DC7000C60F3A /* CopyFiles */ = {
			isa = PBXCopyFilesBuildPhase;
			buildActionMask = 2147483647;
			dstPath = /usr/share/man/man1/;
			dstSubfolderSpec = 0;
			files = (
			);
			runOnlyForDeploymentPostprocessing = 1;
		};
/* End PBXCopyFilesBuildPhase section */

/* Begin PBXFileReference section */
		1520CF982302DC7000C60F3A /* data-structure */ = {isa = PBXFileReference; explicitFileType = "compiled.mach-o.executable"; includeInIndex = 0; path = "data-structure"; sourceTree = BUILT_PRODUCTS_DIR; };
		1520CF9B2302DC7000C60F3A /* main.swift */ = {isa = PBXFileReference; lastKnownFileType = sourcecode.swift; path = main.swift; sourceTree = "<group>"; };
		1520CFA22302DCA000C60F3A /* Queue.swift */ = {isa = PBXFileReference; fileEncoding = 4; lastKnownFileType = sourcecode.swift; path = Queue.swift; sourceTree = "<group>"; };
		1520CFA32302DCA000C60F3A /* Search.swift */ = {isa = PBXFileReference; fileEncoding = 4; lastKnownFileType = sourcecode.swift; path = Search.swift; sourceTree = "<group>"; };
		1520CFA52302DCA000C60F3A /* Stack.swift */ = {isa = PBXFileReference; fileEncoding = 4; lastKnownFileType = sourcecode.swift; path = Stack.swift; sourceTree = "<group>"; };
		1536A3432558103C00E86996 /* bubble.swift */ = {isa = PBXFileReference; lastKnownFileType = sourcecode.swift; path = bubble.swift; sourceTree = "<group>"; };
		1536A3472558131800E86996 /* selection.swift */ = {isa = PBXFileReference; lastKnownFileType = sourcecode.swift; path = selection.swift; sourceTree = "<group>"; };
		1536A34A2558177900E86996 /* insertion.swift */ = {isa = PBXFileReference; lastKnownFileType = sourcecode.swift; path = insertion.swift; sourceTree = "<group>"; };
		1536A34D255836A000E86996 /* shell.swift */ = {isa = PBXFileReference; lastKnownFileType = sourcecode.swift; path = shell.swift; sourceTree = "<group>"; };
		1536A3502558372F00E86996 /* quick.swift */ = {isa = PBXFileReference; lastKnownFileType = sourcecode.swift; path = quick.swift; sourceTree = "<group>"; };
		157F4310256FE80000C1D5A0 /* Counting.swift */ = {isa = PBXFileReference; lastKnownFileType = sourcecode.swift; path = Counting.swift; sourceTree = "<group>"; };
		1596D81F257357DC007782FA /* Radix.swift */ = {isa = PBXFileReference; lastKnownFileType = sourcecode.swift; path = Radix.swift; sourceTree = "<group>"; };
		1596D822257379F0007782FA /* Bucket.swift */ = {isa = PBXFileReference; lastKnownFileType = sourcecode.swift; path = Bucket.swift; sourceTree = "<group>"; };
		159ADBBD24AC92BE0016ED30 /* LRUCache.swift */ = {isa = PBXFileReference; lastKnownFileType = sourcecode.swift; path = LRUCache.swift; sourceTree = "<group>"; };
		15A9B4D624A08FDB00B6EA6F /* SleepSort.swift */ = {isa = PBXFileReference; lastKnownFileType = sourcecode.swift; path = SleepSort.swift; sourceTree = "<group>"; };
		15DDAF9524B6B2AC00285173 /* BinarySearchTree1.swift */ = {isa = PBXFileReference; lastKnownFileType = sourcecode.swift; path = BinarySearchTree1.swift; sourceTree = "<group>"; };
		15DDAF9724B72C7500285173 /* SafeEqual.swift */ = {isa = PBXFileReference; lastKnownFileType = sourcecode.swift; path = SafeEqual.swift; sourceTree = "<group>"; };
		6C36695625E0E7E900E674FB /* TrieNode.swift */ = {isa = PBXFileReference; lastKnownFileType = sourcecode.swift; path = TrieNode.swift; sourceTree = "<group>"; };
		6C36695925E0E87A00E674FB /* Trie.swift */ = {isa = PBXFileReference; lastKnownFileType = sourcecode.swift; path = Trie.swift; sourceTree = "<group>"; };
		6C386B50252090FF00742666 /* Deque.swift */ = {isa = PBXFileReference; lastKnownFileType = sourcecode.swift; path = Deque.swift; sourceTree = "<group>"; };
		6C3D73DF25E39D0500807DF1 /* PriorityQueue.swift */ = {isa = PBXFileReference; lastKnownFileType = sourcecode.swift; path = PriorityQueue.swift; sourceTree = "<group>"; };
		6C636E5525CAB34B00F32408 /* LinkedList.swift */ = {isa = PBXFileReference; lastKnownFileType = sourcecode.swift; path = LinkedList.swift; sourceTree = "<group>"; };
		6CB5D8D5255CB820009C8260 /* merge.swift */ = {isa = PBXFileReference; lastKnownFileType = sourcecode.swift; path = merge.swift; sourceTree = "<group>"; };
		6CB7F78125DF979C005E9027 /* BinarySearchTree2.swift */ = {isa = PBXFileReference; lastKnownFileType = sourcecode.swift; path = BinarySearchTree2.swift; sourceTree = "<group>"; };
		6CB7F78725DFAB73005E9027 /* AVLNode.swift */ = {isa = PBXFileReference; lastKnownFileType = sourcecode.swift; path = AVLNode.swift; sourceTree = "<group>"; };
		6CB7F78A25DFD0CB005E9027 /* AVLTree.swift */ = {isa = PBXFileReference; lastKnownFileType = sourcecode.swift; path = AVLTree.swift; sourceTree = "<group>"; };
		6CD0C80B2552A6D70024D1FF /* Tool.swift */ = {isa = PBXFileReference; fileEncoding = 4; lastKnownFileType = sourcecode.swift; path = Tool.swift; sourceTree = "<group>"; };
		6CD0C80D2552A6D70024D1FF /* heapSort.swift */ = {isa = PBXFileReference; fileEncoding = 4; lastKnownFileType = sourcecode.swift; path = heapSort.swift; sourceTree = "<group>"; };
		6CD0C80E2552A6D70024D1FF /* heap.swift */ = {isa = PBXFileReference; fileEncoding = 4; lastKnownFileType = sourcecode.swift; path = heap.swift; sourceTree = "<group>"; };
		6CE0D48825DF6A96001281FF /* TreeNode.swift */ = {isa = PBXFileReference; lastKnownFileType = sourcecode.swift; path = TreeNode.swift; sourceTree = "<group>"; };
		6CE0D48D25DF6AF5001281FF /* QueueProtocol.swift */ = {isa = PBXFileReference; lastKnownFileType = sourcecode.swift; path = QueueProtocol.swift; sourceTree = "<group>"; };
		6CE0D49125DF6B1A001281FF /* RingBuffer.swift */ = {isa = PBXFileReference; lastKnownFileType = sourcecode.swift; path = RingBuffer.swift; sourceTree = "<group>"; };
		6CE0D49625DF6B5D001281FF /* QueueArray.swift */ = {isa = PBXFileReference; lastKnownFileType = sourcecode.swift; path = QueueArray.swift; sourceTree = "<group>"; };
		6CE0D49925DF6B72001281FF /* QueueStack.swift */ = {isa = PBXFileReference; lastKnownFileType = sourcecode.swift; path = QueueStack.swift; sourceTree = "<group>"; };
		6CE0D49C25DF6B89001281FF /* QueueRingBuffer.swift */ = {isa = PBXFileReference; lastKnownFileType = sourcecode.swift; path = QueueRingBuffer.swift; sourceTree = "<group>"; };
		6CE0D4A225DF70C0001281FF /* BinaryNode.swift */ = {isa = PBXFileReference; lastKnownFileType = sourcecode.swift; path = BinaryNode.swift; sourceTree = "<group>"; };
/* End PBXFileReference section */

/* Begin PBXFrameworksBuildPhase section */
		1520CF952302DC7000C60F3A /* Frameworks */ = {
			isa = PBXFrameworksBuildPhase;
			buildActionMask = 2147483647;
			files = (
			);
			runOnlyForDeploymentPostprocessing = 0;
		};
/* End PBXFrameworksBuildPhase section */

/* Begin PBXGroup section */
		1520CF8F2302DC7000C60F3A = {
			isa = PBXGroup;
			children = (
				1520CF9A2302DC7000C60F3A /* data-structure */,
				1520CF992302DC7000C60F3A /* Products */,
			);
			sourceTree = "<group>";
		};
		1520CF992302DC7000C60F3A /* Products */ = {
			isa = PBXGroup;
			children = (
				1520CF982302DC7000C60F3A /* data-structure */,
			);
			name = Products;
			sourceTree = "<group>";
		};
		1520CF9A2302DC7000C60F3A /* data-structure */ = {
			isa = PBXGroup;
			children = (
				6CE0D49025DF6B10001281FF /* queue */,
				6CE0D48725DF6A85001281FF /* tree */,
				1536A3422558102500E86996 /* sort */,
				6CD0C80C2552A6D70024D1FF /* heap */,
				6CD0C80B2552A6D70024D1FF /* Tool.swift */,
				1520CFA22302DCA000C60F3A /* Queue.swift */,
				1520CFA32302DCA000C60F3A /* Search.swift */,
				1520CFA52302DCA000C60F3A /* Stack.swift */,
				15A9B4D624A08FDB00B6EA6F /* SleepSort.swift */,
				159ADBBD24AC92BE0016ED30 /* LRUCache.swift */,
				15DDAF9724B72C7500285173 /* SafeEqual.swift */,
				1520CF9B2302DC7000C60F3A /* main.swift */,
				6C636E5525CAB34B00F32408 /* LinkedList.swift */,
			);
			path = "data-structure";
			sourceTree = "<group>";
		};
		1536A3422558102500E86996 /* sort */ = {
			isa = PBXGroup;
			children = (
				1536A3432558103C00E86996 /* bubble.swift */,
				1536A3472558131800E86996 /* selection.swift */,
				1536A34A2558177900E86996 /* insertion.swift */,
				1536A34D255836A000E86996 /* shell.swift */,
				1536A3502558372F00E86996 /* quick.swift */,
				6CD0C80D2552A6D70024D1FF /* heapSort.swift */,
				6CB5D8D5255CB820009C8260 /* merge.swift */,
				157F4310256FE80000C1D5A0 /* Counting.swift */,
				1596D81F257357DC007782FA /* Radix.swift */,
				1596D822257379F0007782FA /* Bucket.swift */,
			);
			path = sort;
			sourceTree = "<group>";
		};
		6CD0C80C2552A6D70024D1FF /* heap */ = {
			isa = PBXGroup;
			children = (
				6CD0C80E2552A6D70024D1FF /* heap.swift */,
			);
			path = heap;
			sourceTree = "<group>";
		};
		6CE0D48725DF6A85001281FF /* tree */ = {
			isa = PBXGroup;
			children = (
				6CE0D48825DF6A96001281FF /* TreeNode.swift */,
				6CE0D4A225DF70C0001281FF /* BinaryNode.swift */,
				6CB7F78725DFAB73005E9027 /* AVLNode.swift */,
				6CB7F78A25DFD0CB005E9027 /* AVLTree.swift */,
				15DDAF9524B6B2AC00285173 /* BinarySearchTree1.swift */,
				6CB7F78125DF979C005E9027 /* BinarySearchTree2.swift */,
				6C36695625E0E7E900E674FB /* TrieNode.swift */,
				6C36695925E0E87A00E674FB /* Trie.swift */,
			);
			path = tree;
			sourceTree = "<group>";
		};
		6CE0D49025DF6B10001281FF /* queue */ = {
			isa = PBXGroup;
			children = (
				6C386B50252090FF00742666 /* Deque.swift */,
				6CE0D48D25DF6AF5001281FF /* QueueProtocol.swift */,
				6CE0D49125DF6B1A001281FF /* RingBuffer.swift */,
				6CE0D49C25DF6B89001281FF /* QueueRingBuffer.swift */,
				6CE0D49625DF6B5D001281FF /* QueueArray.swift */,
				6CE0D49925DF6B72001281FF /* QueueStack.swift */,
				6C3D73DF25E39D0500807DF1 /* PriorityQueue.swift */,
			);
			path = queue;
			sourceTree = "<group>";
		};
/* End PBXGroup section */

/* Begin PBXNativeTarget section */
		1520CF972302DC7000C60F3A /* data-structure */ = {
			isa = PBXNativeTarget;
			buildConfigurationList = 1520CF9F2302DC7000C60F3A /* Build configuration list for PBXNativeTarget "data-structure" */;
			buildPhases = (
				1520CF942302DC7000C60F3A /* Sources */,
				1520CF952302DC7000C60F3A /* Frameworks */,
				1520CF962302DC7000C60F3A /* CopyFiles */,
			);
			buildRules = (
			);
			dependencies = (
			);
			name = "data-structure";
			productName = "data-structure";
			productReference = 1520CF982302DC7000C60F3A /* data-structure */;
			productType = "com.apple.product-type.tool";
		};
/* End PBXNativeTarget section */

/* Begin PBXProject section */
		1520CF902302DC7000C60F3A /* Project object */ = {
			isa = PBXProject;
			attributes = {
				LastSwiftUpdateCheck = 1030;
				LastUpgradeCheck = 1210;
				ORGANIZATIONNAME = chenxi;
				TargetAttributes = {
					1520CF972302DC7000C60F3A = {
						CreatedOnToolsVersion = 10.3;
					};
				};
			};
			buildConfigurationList = 1520CF932302DC7000C60F3A /* Build configuration list for PBXProject "data-structure" */;
			compatibilityVersion = "Xcode 9.3";
			developmentRegion = en;
			hasScannedForEncodings = 0;
			knownRegions = (
				en,
				Base,
			);
			mainGroup = 1520CF8F2302DC7000C60F3A;
			productRefGroup = 1520CF992302DC7000C60F3A /* Products */;
			projectDirPath = "";
			projectRoot = "";
			targets = (
				1520CF972302DC7000C60F3A /* data-structure */,
			);
		};
/* End PBXProject section */

/* Begin PBXSourcesBuildPhase section */
		1520CF942302DC7000C60F3A /* Sources */ = {
			isa = PBXSourcesBuildPhase;
			buildActionMask = 2147483647;
			files = (
				1536A3512558372F00E86996 /* quick.swift in Sources */,
				6C36695725E0E7E900E674FB /* TrieNode.swift in Sources */,
				1536A34E255836A000E86996 /* shell.swift in Sources */,
				1536A3482558131800E86996 /* selection.swift in Sources */,
				6CE0D49225DF6B1A001281FF /* RingBuffer.swift in Sources */,
				1520CFA72302DCA000C60F3A /* Search.swift in Sources */,
				15A9B4D724A08FDB00B6EA6F /* SleepSort.swift in Sources */,
				6C636E5625CAB34B00F32408 /* LinkedList.swift in Sources */,
				1536A3442558103C00E86996 /* bubble.swift in Sources */,
				1520CFA92302DCA000C60F3A /* Stack.swift in Sources */,
				6CD0C80F2552A6D70024D1FF /* Tool.swift in Sources */,
				15DDAF9824B72C7500285173 /* SafeEqual.swift in Sources */,
				6C3D73E025E39D0500807DF1 /* PriorityQueue.swift in Sources */,
				159ADBBE24AC92BE0016ED30 /* LRUCache.swift in Sources */,
				6C36695A25E0E87A00E674FB /* Trie.swift in Sources */,
				6CE0D4A325DF70C0001281FF /* BinaryNode.swift in Sources */,
				6C386B51252090FF00742666 /* Deque.swift in Sources */,
				15DDAF9624B6B2AC00285173 /* BinarySearchTree1.swift in Sources */,
				1596D823257379F0007782FA /* Bucket.swift in Sources */,
				6CE0D49D25DF6B89001281FF /* QueueRingBuffer.swift in Sources */,
				6CE0D48E25DF6AF5001281FF /* QueueProtocol.swift in Sources */,
				1596D820257357DC007782FA /* Radix.swift in Sources */,
				6CE0D49A25DF6B72001281FF /* QueueStack.swift in Sources */,
				6CB5D8D6255CB820009C8260 /* merge.swift in Sources */,
				157F4311256FE80000C1D5A0 /* Counting.swift in Sources */,
				6CD0C8102552A6D70024D1FF /* heapSort.swift in Sources */,
				6CB7F78825DFAB73005E9027 /* AVLNode.swift in Sources */,
				6CE0D49725DF6B5D001281FF /* QueueArray.swift in Sources */,
				6CB7F78225DF979C005E9027 /* BinarySearchTree2.swift in Sources */,
				6CD0C8112552A6D70024D1FF /* heap.swift in Sources */,
				6CB7F78B25DFD0CB005E9027 /* AVLTree.swift in Sources */,
				1520CF9C2302DC7000C60F3A /* main.swift in Sources */,
				1520CFA62302DCA000C60F3A /* Queue.swift in Sources */,
				1536A34B2558177900E86996 /* insertion.swift in Sources */,
				6CE0D48925DF6A96001281FF /* TreeNode.swift in Sources */,
			);
			runOnlyForDeploymentPostprocessing = 0;
		};
/* End PBXSourcesBuildPhase section */

/* Begin XCBuildConfiguration section */
		1520CF9D2302DC7000C60F3A /* Debug */ = {
			isa = XCBuildConfiguration;
			buildSettings = {
				ALWAYS_SEARCH_USER_PATHS = NO;
				CLANG_ANALYZER_NONNULL = YES;
				CLANG_ANALYZER_NUMBER_OBJECT_CONVERSION = YES_AGGRESSIVE;
				CLANG_CXX_LANGUAGE_STANDARD = "gnu++14";
				CLANG_CXX_LIBRARY = "libc++";
				CLANG_ENABLE_MODULES = YES;
				CLANG_ENABLE_OBJC_ARC = YES;
				CLANG_ENABLE_OBJC_WEAK = YES;
				CLANG_WARN_BLOCK_CAPTURE_AUTORELEASING = YES;
				CLANG_WARN_BOOL_CONVERSION = YES;
				CLANG_WARN_COMMA = YES;
				CLANG_WARN_CONSTANT_CONVERSION = YES;
				CLANG_WARN_DEPRECATED_OBJC_IMPLEMENTATIONS = YES;
				CLANG_WARN_DIRECT_OBJC_ISA_USAGE = YES_ERROR;
				CLANG_WARN_DOCUMENTATION_COMMENTS = YES;
				CLANG_WARN_EMPTY_BODY = YES;
				CLANG_WARN_ENUM_CONVERSION = YES;
				CLANG_WARN_INFINITE_RECURSION = YES;
				CLANG_WARN_INT_CONVERSION = YES;
				CLANG_WARN_NON_LITERAL_NULL_CONVERSION = YES;
				CLANG_WARN_OBJC_IMPLICIT_RETAIN_SELF = YES;
				CLANG_WARN_OBJC_LITERAL_CONVERSION = YES;
				CLANG_WARN_OBJC_ROOT_CLASS = YES_ERROR;
				CLANG_WARN_QUOTED_INCLUDE_IN_FRAMEWORK_HEADER = YES;
				CLANG_WARN_RANGE_LOOP_ANALYSIS = YES;
				CLANG_WARN_STRICT_PROTOTYPES = YES;
				CLANG_WARN_SUSPICIOUS_MOVE = YES;
				CLANG_WARN_UNGUARDED_AVAILABILITY = YES_AGGRESSIVE;
				CLANG_WARN_UNREACHABLE_CODE = YES;
				CLANG_WARN__DUPLICATE_METHOD_MATCH = YES;
				CODE_SIGN_IDENTITY = "-";
				COPY_PHASE_STRIP = NO;
				DEBUG_INFORMATION_FORMAT = dwarf;
				ENABLE_STRICT_OBJC_MSGSEND = YES;
				ENABLE_TESTABILITY = YES;
				GCC_C_LANGUAGE_STANDARD = gnu11;
				GCC_DYNAMIC_NO_PIC = NO;
				GCC_NO_COMMON_BLOCKS = YES;
				GCC_OPTIMIZATION_LEVEL = 0;
				GCC_PREPROCESSOR_DEFINITIONS = (
					"DEBUG=1",
					"$(inherited)",
				);
				GCC_WARN_64_TO_32_BIT_CONVERSION = YES;
				GCC_WARN_ABOUT_RETURN_TYPE = YES_ERROR;
				GCC_WARN_UNDECLARED_SELECTOR = YES;
				GCC_WARN_UNINITIALIZED_AUTOS = YES_AGGRESSIVE;
				GCC_WARN_UNUSED_FUNCTION = YES;
				GCC_WARN_UNUSED_VARIABLE = YES;
				MACOSX_DEPLOYMENT_TARGET = 10.14;
				MTL_ENABLE_DEBUG_INFO = INCLUDE_SOURCE;
				MTL_FAST_MATH = YES;
				ONLY_ACTIVE_ARCH = YES;
				SDKROOT = macosx;
				SWIFT_ACTIVE_COMPILATION_CONDITIONS = DEBUG;
				SWIFT_OPTIMIZATION_LEVEL = "-Onone";
			};
			name = Debug;
		};
		1520CF9E2302DC7000C60F3A /* Release */ = {
			isa = XCBuildConfiguration;
			buildSettings = {
				ALWAYS_SEARCH_USER_PATHS = NO;
				CLANG_ANALYZER_NONNULL = YES;
				CLANG_ANALYZER_NUMBER_OBJECT_CONVERSION = YES_AGGRESSIVE;
				CLANG_CXX_LANGUAGE_STANDARD = "gnu++14";
				CLANG_CXX_LIBRARY = "libc++";
				CLANG_ENABLE_MODULES = YES;
				CLANG_ENABLE_OBJC_ARC = YES;
				CLANG_ENABLE_OBJC_WEAK = YES;
				CLANG_WARN_BLOCK_CAPTURE_AUTORELEASING = YES;
				CLANG_WARN_BOOL_CONVERSION = YES;
				CLANG_WARN_COMMA = YES;
				CLANG_WARN_CONSTANT_CONVERSION = YES;
				CLANG_WARN_DEPRECATED_OBJC_IMPLEMENTATIONS = YES;
				CLANG_WARN_DIRECT_OBJC_ISA_USAGE = YES_ERROR;
				CLANG_WARN_DOCUMENTATION_COMMENTS = YES;
				CLANG_WARN_EMPTY_BODY = YES;
				CLANG_WARN_ENUM_CONVERSION = YES;
				CLANG_WARN_INFINITE_RECURSION = YES;
				CLANG_WARN_INT_CONVERSION = YES;
				CLANG_WARN_NON_LITERAL_NULL_CONVERSION = YES;
				CLANG_WARN_OBJC_IMPLICIT_RETAIN_SELF = YES;
				CLANG_WARN_OBJC_LITERAL_CONVERSION = YES;
				CLANG_WARN_OBJC_ROOT_CLASS = YES_ERROR;
				CLANG_WARN_QUOTED_INCLUDE_IN_FRAMEWORK_HEADER = YES;
				CLANG_WARN_RANGE_LOOP_ANALYSIS = YES;
				CLANG_WARN_STRICT_PROTOTYPES = YES;
				CLANG_WARN_SUSPICIOUS_MOVE = YES;
				CLANG_WARN_UNGUARDED_AVAILABILITY = YES_AGGRESSIVE;
				CLANG_WARN_UNREACHABLE_CODE = YES;
				CLANG_WARN__DUPLICATE_METHOD_MATCH = YES;
				CODE_SIGN_IDENTITY = "-";
				COPY_PHASE_STRIP = NO;
				DEBUG_INFORMATION_FORMAT = "dwarf-with-dsym";
				ENABLE_NS_ASSERTIONS = NO;
				ENABLE_STRICT_OBJC_MSGSEND = YES;
				GCC_C_LANGUAGE_STANDARD = gnu11;
				GCC_NO_COMMON_BLOCKS = YES;
				GCC_WARN_64_TO_32_BIT_CONVERSION = YES;
				GCC_WARN_ABOUT_RETURN_TYPE = YES_ERROR;
				GCC_WARN_UNDECLARED_SELECTOR = YES;
				GCC_WARN_UNINITIALIZED_AUTOS = YES_AGGRESSIVE;
				GCC_WARN_UNUSED_FUNCTION = YES;
				GCC_WARN_UNUSED_VARIABLE = YES;
				MACOSX_DEPLOYMENT_TARGET = 10.14;
				MTL_ENABLE_DEBUG_INFO = NO;
				MTL_FAST_MATH = YES;
				SDKROOT = macosx;
				SWIFT_COMPILATION_MODE = wholemodule;
				SWIFT_OPTIMIZATION_LEVEL = "-O";
			};
			name = Release;
		};
		1520CFA02302DC7000C60F3A /* Debug */ = {
			isa = XCBuildConfiguration;
			buildSettings = {
				CODE_SIGN_IDENTITY = "-";
				CODE_SIGN_STYLE = Automatic;
				PRODUCT_NAME = "$(TARGET_NAME)";
				SWIFT_VERSION = 5.0;
			};
			name = Debug;
		};
		1520CFA12302DC7000C60F3A /* Release */ = {
			isa = XCBuildConfiguration;
			buildSettings = {
				CODE_SIGN_IDENTITY = "-";
				CODE_SIGN_STYLE = Automatic;
				PRODUCT_NAME = "$(TARGET_NAME)";
				SWIFT_VERSION = 5.0;
			};
			name = Release;
		};
/* End XCBuildConfiguration section */

/* Begin XCConfigurationList section */
		1520CF932302DC7000C60F3A /* Build configuration list for PBXProject "data-structure" */ = {
			isa = XCConfigurationList;
			buildConfigurations = (
				1520CF9D2302DC7000C60F3A /* Debug */,
				1520CF9E2302DC7000C60F3A /* Release */,
			);
			defaultConfigurationIsVisible = 0;
			defaultConfigurationName = Release;
		};
		1520CF9F2302DC7000C60F3A /* Build configuration list for PBXNativeTarget "data-structure" */ = {
			isa = XCConfigurationList;
			buildConfigurations = (
				1520CFA02302DC7000C60F3A /* Debug */,
				1520CFA12302DC7000C60F3A /* Release */,
			);
			defaultConfigurationIsVisible = 0;
			defaultConfigurationName = Release;
		};
/* End XCConfigurationList section */
	};
	rootObject = 1520CF902302DC7000C60F3A /* Project object */;
}
